[{<<"base16">>,{pkg,<<"base16">>,<<"1.0.0">>},0},
 {<<"bugsnag">>,{pkg,<<"bugsnag_erl">>,<<"0.1.2">>},0},
 {<<"cf">>,{pkg,<<"cf">>,<<"0.2.1">>},2},
 {<<"cowboy">>,
  {git,"https://github.com/ninenines/cowboy.git",
       {ref,"dbb636034f20736e16eb9d6c809217c9525b6cbd"}},
  0},
 {<<"cowlib">>,
  {git,"https://github.com/ninenines/cowlib",
       {ref,"aabf4ac8aa488776438ca97609238ced7a18d208"}},
  1},
 {<<"eper">>,{pkg,<<"eper">>,<<"0.94.0">>},0},
 {<<"erlang_localtime">>,{pkg,<<"erlang_localtime">>,<<"1.0.0">>},1},
 {<<"erlware_commons">>,{pkg,<<"erlware_commons">>,<<"0.18.0">>},1},
 {<<"esel">>,{pkg,<<"esel">>,<<"0.1.2">>},0},
 {<<"fifo_dt">>,{pkg,<<"fifo_dt">>,<<"0.1.66">>},2},
 {<<"fifo_lager">>,{pkg,<<"fifo_lager">>,<<"0.1.3">>},0},
 {<<"fifo_spec">>,{pkg,<<"fifo_spec">>,<<"0.1.27">>},1},
 {<<"fifo_utils">>,{pkg,<<"fifo_utils">>,<<"0.1.22">>},0},
 {<<"goldrush">>,{pkg,<<"goldrush">>,<<"0.1.7">>},2},
 {<<"jsone">>,{pkg,<<"jsone">>,<<"1.2.0">>},0},
 {<<"jsx">>,{pkg,<<"jsx">>,<<"2.8.0">>},1},
 {<<"jsxd">>,{pkg,<<"jsxd">>,<<"0.1.10">>},0},
 {<<"lager">>,{pkg,<<"lager">>,<<"3.0.1">>},1},
 {<<"lager_graylog">>,{pkg,<<"lager_graylog">>,<<"0.1.0">>},1},
 {<<"lager_logstash_backend">>,
  {pkg,<<"lager_logstash_backend">>,<<"0.1.0">>},
  1},
 {<<"libchunter">>,{pkg,<<"libchunter">>,<<"0.1.45">>},0},
 {<<"libsnarl">>,{pkg,<<"libsnarl">>,<<"0.3.40">>},0},
 {<<"libsnarlmatch">>,{pkg,<<"libsnarlmatch">>,<<"0.1.7">>},1},
 {<<"libsniffle">>,{pkg,<<"libsniffle">>,<<"0.3.37">>},0},
 {<<"mdns_client">>,{pkg,<<"mdns_client">>,<<"0.1.7">>},2},
 {<<"mdns_client_lib">>,{pkg,<<"mdns_client_lib">>,<<"0.1.33">>},1},
 {<<"oauth2">>,{pkg,<<"oauth2_erlang">>,<<"0.6.1">>},1},
 {<<"pooler">>,{pkg,<<"pooler">>,<<"1.4.0">>},2},
 {<<"qdate">>,{pkg,<<"qdate">>,<<"0.4.2">>},0},
 {<<"quickrand">>,{pkg,<<"quickrand">>,<<"1.5.1">>},2},
 {<<"ranch">>,
  {git,"https://github.com/project-fifo/ranch.git",
       {ref,"fe8fb752a3a32ba991625e9078e0ed258f6c272b"}},
  0},
 {<<"recon">>,{pkg,<<"recon">>,<<"2.2.1">>},0},
 {<<"riak_dt">>,{pkg,<<"riak_dt">>,<<"2.1.1">>},3},
 {<<"uuid">>,{pkg,<<"uuid_erl">>,<<"1.5.1">>},1}].
