[{<<"cowboy">>,{pkg,<<"cowboy">>,<<"1.0.3">>},0},
 {<<"cowlib">>,{pkg,<<"cowlib">>,<<"1.0.1">>},1},
 {<<"eper">>,{pkg,<<"eper">>,<<"0.94.0">>},0},
 {<<"esel">>,{pkg,<<"esel">>,<<"0.1.0">>},0},
 {<<"fifo_dt">>,
  {git,"https://github.com/project-fifo/fifo_dt.git",
       {ref,"cc9e24ce847a0b36c0716e6fa244d35d446f99f3"}},
  2},
 {<<"fifo_spec">>,
  {git,"https://github.com/project-fifo/fifo_spec.git",
       {ref,"277cc03ff1c7b0a2bf080ca41817ff91c1d21662"}},
  1},
 {<<"goldrush">>,{pkg,<<"goldrush">>,<<"0.1.7">>},1},
 {<<"jsx">>,{pkg,<<"jsx">>,<<"1.4.5">>},3},
 {<<"jsxd">>,{pkg,<<"jsxd">>,<<"0.1.10">>},3},
 {<<"lager">>,{pkg,<<"lager">>,<<"3.0.1">>},0},
 {<<"libsnarl">>,
  {git,"https://github.com/project-fifo/libsnarl.git",
       {ref,"1d0c2d664a370c248fc89f90985e6fa42fa3dbc2"}},
  0},
 {<<"libsnarlmatch">>,{pkg,<<"libsnarlmatch">>,<<"0.1.7">>},1},
 {<<"libsniffle">>,
  {git,"https://github.com/project-fifo/libsniffle.git",
       {ref,"8f6613921e79b6fa4f8d035e748bc25588f377c7"}},
  0},
 {<<"mdns_client">>,{pkg,<<"mdns_client">>,<<"0.1.7">>},2},
 {<<"mdns_client_lib">>,{pkg,<<"mdns_client_lib">>,<<"0.1.28">>},1},
 {<<"oauth2">>,
  {git,"https://github.com/project-fifo/oauth2.git",
       {ref,"7f88b8af3b09cad4eb83678cb2bdaed00fce6a76"}},
  1},
 {<<"pooler">>,{pkg,<<"pooler">>,<<"1.4.0">>},2},
 {<<"ranch">>,{pkg,<<"ranch">>,<<"1.1.0">>},1},
 {<<"recon">>,{pkg,<<"recon">>,<<"2.2.1">>},0},
 {<<"riak_dt">>,
  {git,"https://github.com/basho/riak_dt.git",
       {ref,"f7981d4ad7407ddc085f133f204dd71bf9d50c56"}},
  3},
 {<<"uuid">>,
  {git,"https://github.com/project-fifo/erlang-uuid.git",
       {ref,"c28d740d878e91a075ee3d888ba15131d136e0d2"}},
  3}].
