[{<<"base16">>,
  {git,"https://github.com/goj/base16.git",
       {ref,"1e9dd28bdbcfb8f4aedf82b9900cfb0f094f137d"}},
  0},
 {<<"cowboy">>,
  {git,"https://github.com/ninenines/cowboy.git",
       {ref,"27ecd7fca1c9111a09beb42ffe7efea0c317fd45"}},
  0},
 {<<"cowlib">>,
  {git,"https://github.com/ninenines/cowlib.git",
       {ref,"14e597baa42a436469f99661ed7994685e269dc2"}},
  1},
 {<<"eper">>,{pkg,<<"eper">>,<<"0.94.0">>},0},
 {<<"esel">>,{pkg,<<"esel">>,<<"0.1.0">>},0},
 {<<"fifo_dt">>,
  {git,"https://github.com/project-fifo/fifo_dt.git",
       {ref,"8dbbef2a8d75300d56aaa75289d18caef22bb565"}},
  2},
 {<<"fifo_spec">>,
  {git,"https://github.com/project-fifo/fifo_spec.git",
       {ref,"5f4d648cfb0283fab11c1e6534f4fd77614ec12d"}},
  1},
 {<<"goldrush">>,{pkg,<<"goldrush">>,<<"0.1.7">>},1},
 {<<"jsone">>,{pkg,<<"jsone">>,<<"1.2.0">>},0},
 {<<"jsx">>,{pkg,<<"jsx">>,<<"2.8.0">>},0},
 {<<"jsxd">>,{pkg,<<"jsxd">>,<<"0.1.10">>},0},
 {<<"lager">>,{pkg,<<"lager">>,<<"3.0.1">>},0},
 {<<"libsnarl">>,
  {git,"https://github.com/project-fifo/libsnarl.git",
       {ref,"c2c6087b9cb1df94b6eaa62076a60176e81b6e07"}},
  0},
 {<<"libsnarlmatch">>,{pkg,<<"libsnarlmatch">>,<<"0.1.7">>},1},
 {<<"libsniffle">>,
  {git,"https://github.com/project-fifo/libsniffle.git",
       {ref,"05a2b960ad1bd32149443158085aef6285a2521b"}},
  0},
 {<<"mdns_client">>,{pkg,<<"mdns_client">>,<<"0.1.7">>},2},
 {<<"mdns_client_lib">>,{pkg,<<"mdns_client_lib">>,<<"0.1.28">>},1},
 {<<"oauth2">>,
  {git,"https://github.com/project-fifo/oauth2.git",
       {ref,"7f88b8af3b09cad4eb83678cb2bdaed00fce6a76"}},
  1},
 {<<"pooler">>,{pkg,<<"pooler">>,<<"1.4.0">>},2},
 {<<"ranch">>,
  {git,"https://github.com/ninenines/ranch.git",
       {ref,"adf1822defc2b7cfdc7aca112adabfa1d614043c"}},
  1},
 {<<"recon">>,{pkg,<<"recon">>,<<"2.2.1">>},0},
 {<<"riak_dt">>,
  {git,"https://github.com/basho/riak_dt.git",
       {ref,"a2986bccd1cc42facdfe739495c6d13762ae0f37"}},
  3},
 {<<"uuid">>,
  {git,"https://github.com/project-fifo/erlang-uuid.git",
       {ref,"c28d740d878e91a075ee3d888ba15131d136e0d2"}},
  3}].
